
Microsoft Visual Studio Solution File, Format Version 12.00
# Visual Studio 2012
Project("{FAE04EC0-301F-11D3-BF4B-00C04F79EFBC}") = "FakeBookAdsApi", "FakeBookAdsApi\FakeBookAdsApi.csproj", "{1397ECD2-8B46-48AD-9886-AC1FDF35A351}"
EndProject
Project("{FAE04EC0-301F-11D3-BF4B-00C04F79EFBC}") = "FakeBookAdsApi.Tests", "FakeBookAdsApi.Tests\FakeBookAdsApi.Tests.csproj", "{3A32C73A-EF1D-44E3-A6DE-A358F7852CE6}"
EndProject
Global
	GlobalSection(SolutionConfigurationPlatforms) = preSolution
		Debug|Any CPU = Debug|Any CPU
		Release|Any CPU = Release|Any CPU
	EndGlobalSection
	GlobalSection(ProjectConfigurationPlatforms) = postSolution
		{1397ECD2-8B46-48AD-9886-AC1FDF35A351}.Debug|Any CPU.ActiveCfg = Debug|Any CPU
		{1397ECD2-8B46-48AD-9886-AC1FDF35A351}.Debug|Any CPU.Build.0 = Debug|Any CPU
		{1397ECD2-8B46-48AD-9886-AC1FDF35A351}.Release|Any CPU.ActiveCfg = Release|Any CPU
		{1397ECD2-8B46-48AD-9886-AC1FDF35A351}.Release|Any CPU.Build.0 = Release|Any CPU
		{3A32C73A-EF1D-44E3-A6DE-A358F7852CE6}.Debug|Any CPU.ActiveCfg = Debug|Any CPU
		{3A32C73A-EF1D-44E3-A6DE-A358F7852CE6}.Debug|Any CPU.Build.0 = Debug|Any CPU
		{3A32C73A-EF1D-44E3-A6DE-A358F7852CE6}.Release|Any CPU.ActiveCfg = Release|Any CPU
		{3A32C73A-EF1D-44E3-A6DE-A358F7852CE6}.Release|Any CPU.Build.0 = Release|Any CPU
	EndGlobalSection
	GlobalSection(SolutionProperties) = preSolution
		HideSolutionNode = FALSE
	EndGlobalSection
EndGlobal
